
Microsoft Visual Studio Solution File, Format Version 12.00
# Visual Studio 2013
VisualStudioVersion = 12.0.21005.1
MinimumVisualStudioVersion = 10.0.40219.1
Project("{F184B08F-C81C-45F6-A57F-5ABD9991F28F}") = "Dungeon Master V0.1", "Dungeon Master V0.1\Dungeon Master V0.1\Dungeon Master V0.1.vbproj", "{E0AF816A-DA7B-4F12-B98A-1829FB691AEF}"
EndProject
Project("{96E2B04D-8817-42C6-938A-82C39BA4D311}") = "Dungeon Master V0.1Content", "Dungeon Master V0.1\Dungeon Master V0.1Content\Dungeon Master V0.1Content.contentproj", "{4FC62293-F0DC-40CA-BA99-89AAB40C4084}"
EndProject
Global
	GlobalSection(SolutionConfigurationPlatforms) = preSolution
		Debug|x86 = Debug|x86
		Release|x86 = Release|x86
	EndGlobalSection
	GlobalSection(ProjectConfigurationPlatforms) = postSolution
		{E0AF816A-DA7B-4F12-B98A-1829FB691AEF}.Debug|x86.ActiveCfg = Debug|x86
		{E0AF816A-DA7B-4F12-B98A-1829FB691AEF}.Debug|x86.Build.0 = Debug|x86
		{E0AF816A-DA7B-4F12-B98A-1829FB691AEF}.Release|x86.ActiveCfg = Release|x86
		{E0AF816A-DA7B-4F12-B98A-1829FB691AEF}.Release|x86.Build.0 = Release|x86
		{4FC62293-F0DC-40CA-BA99-89AAB40C4084}.Debug|x86.ActiveCfg = Debug|x86
		{4FC62293-F0DC-40CA-BA99-89AAB40C4084}.Release|x86.ActiveCfg = Release|x86
	EndGlobalSection
	GlobalSection(SolutionProperties) = preSolution
		HideSolutionNode = FALSE
	EndGlobalSection
EndGlobal
